
Microsoft Visual Studio Solution File, Format Version 12.00
# Visual Studio Version 17
VisualStudioVersion = 17.5.33424.131
MinimumVisualStudioVersion = 10.0.40219.1
Project("{8BC9CEB8-8B4A-11D0-8D11-00A0C91BC942}") = "ioFile _138", "ioFile _138\ioFile _138.vcxproj", "{D95B164F-214D-453D-83F3-A15904A2A75D}"
EndProject
Project("{8BC9CEB8-8B4A-11D0-8D11-00A0C91BC942}") = "ioFileWithPath_138", "ioFileWithPath_138\ioFileWithPath_138.vcxproj", "{051BFEEF-4D62-43DB-AAC9-053C2464A687}"
EndProject
Project("{8BC9CEB8-8B4A-11D0-8D11-00A0C91BC942}") = "manualException_138", "manualException_138\manualException_138.vcxproj", "{27B64B59-A029-404D-A371-510E03D0221B}"
EndProject
Project("{8BC9CEB8-8B4A-11D0-8D11-00A0C91BC942}") = "exceptionsatndar_138", "exceptionsatndar_138\exceptionsatndar_138.vcxproj", "{358DDC67-7473-476A-8145-C67E5C1AC785}"
EndProject
Global
	GlobalSection(SolutionConfigurationPlatforms) = preSolution
		Debug|x64 = Debug|x64
		Debug|x86 = Debug|x86
		Release|x64 = Release|x64
		Release|x86 = Release|x86
	EndGlobalSection
	GlobalSection(ProjectConfigurationPlatforms) = postSolution
		{D95B164F-214D-453D-83F3-A15904A2A75D}.Debug|x64.ActiveCfg = Debug|x64
		{D95B164F-214D-453D-83F3-A15904A2A75D}.Debug|x64.Build.0 = Debug|x64
		{D95B164F-214D-453D-83F3-A15904A2A75D}.Debug|x86.ActiveCfg = Debug|Win32
		{D95B164F-214D-453D-83F3-A15904A2A75D}.Debug|x86.Build.0 = Debug|Win32
		{D95B164F-214D-453D-83F3-A15904A2A75D}.Release|x64.ActiveCfg = Release|x64
		{D95B164F-214D-453D-83F3-A15904A2A75D}.Release|x64.Build.0 = Release|x64
		{D95B164F-214D-453D-83F3-A15904A2A75D}.Release|x86.ActiveCfg = Release|Win32
		{D95B164F-214D-453D-83F3-A15904A2A75D}.Release|x86.Build.0 = Release|Win32
		{051BFEEF-4D62-43DB-AAC9-053C2464A687}.Debug|x64.ActiveCfg = Debug|x64
		{051BFEEF-4D62-43DB-AAC9-053C2464A687}.Debug|x64.Build.0 = Debug|x64
		{051BFEEF-4D62-43DB-AAC9-053C2464A687}.Debug|x86.ActiveCfg = Debug|Win32
		{051BFEEF-4D62-43DB-AAC9-053C2464A687}.Debug|x86.Build.0 = Debug|Win32
		{051BFEEF-4D62-43DB-AAC9-053C2464A687}.Release|x64.ActiveCfg = Release|x64
		{051BFEEF-4D62-43DB-AAC9-053C2464A687}.Release|x64.Build.0 = Release|x64
		{051BFEEF-4D62-43DB-AAC9-053C2464A687}.Release|x86.ActiveCfg = Release|Win32
		{051BFEEF-4D62-43DB-AAC9-053C2464A687}.Release|x86.Build.0 = Release|Win32
		{27B64B59-A029-404D-A371-510E03D0221B}.Debug|x64.ActiveCfg = Debug|x64
		{27B64B59-A029-404D-A371-510E03D0221B}.Debug|x64.Build.0 = Debug|x64
		{27B64B59-A029-404D-A371-510E03D0221B}.Debug|x86.ActiveCfg = Debug|Win32
		{27B64B59-A029-404D-A371-510E03D0221B}.Debug|x86.Build.0 = Debug|Win32
		{27B64B59-A029-404D-A371-510E03D0221B}.Release|x64.ActiveCfg = Release|x64
		{27B64B59-A029-404D-A371-510E03D0221B}.Release|x64.Build.0 = Release|x64
		{27B64B59-A029-404D-A371-510E03D0221B}.Release|x86.ActiveCfg = Release|Win32
		{27B64B59-A029-404D-A371-510E03D0221B}.Release|x86.Build.0 = Release|Win32
		{358DDC67-7473-476A-8145-C67E5C1AC785}.Debug|x64.ActiveCfg = Debug|x64
		{358DDC67-7473-476A-8145-C67E5C1AC785}.Debug|x64.Build.0 = Debug|x64
		{358DDC67-7473-476A-8145-C67E5C1AC785}.Debug|x86.ActiveCfg = Debug|Win32
		{358DDC67-7473-476A-8145-C67E5C1AC785}.Debug|x86.Build.0 = Debug|Win32
		{358DDC67-7473-476A-8145-C67E5C1AC785}.Release|x64.ActiveCfg = Release|x64
		{358DDC67-7473-476A-8145-C67E5C1AC785}.Release|x64.Build.0 = Release|x64
		{358DDC67-7473-476A-8145-C67E5C1AC785}.Release|x86.ActiveCfg = Release|Win32
		{358DDC67-7473-476A-8145-C67E5C1AC785}.Release|x86.Build.0 = Release|Win32
	EndGlobalSection
	GlobalSection(SolutionProperties) = preSolution
		HideSolutionNode = FALSE
	EndGlobalSection
	GlobalSection(ExtensibilityGlobals) = postSolution
		SolutionGuid = {24B3043A-107A-4BF7-8E5D-5DBAD5706E24}
	EndGlobalSection
EndGlobal
